{
  "name": "projetonaoseidoque",
  "version": "1.0.0",
  "lockfileVersion": 3,
  "requires": true,
  "packages": {
    "": {
      "name": "projetonaoseidoque",
      "version": "1.0.0",
      "license": "ISC",
      "devDependencies": {
        "noobdb": "^1.0.1"
      }
    },
    "node_modules/fs": {
      "version": "0.0.2",
      "resolved": "https://registry.npmjs.org/fs/-/fs-0.0.2.tgz",
      "integrity": "sha512-YAiVokMCrSIFZiroB1oz51hPiPRVcUtSa4x2U5RYXyhS9VAPdiFigKbPTnOSq7XY8wd3FIVPYmXpo5lMzFmxgg==",
      "dev": true
    },
    "node_modules/noobdb": {
      "version": "1.0.1",
      "resolved": "https://registry.npmjs.org/noobdb/-/noobdb-1.0.1.tgz",
      "integrity": "sha512-TzXBzVyY7rs5puNiLx10X+tLuLFe3j1Lsu8tZTUasNzr7x1X+/D9QJcShMsRU7RuZ/h6W2okwcwFHUQ+CNT6Jw==",
      "dev": true,
      "dependencies": {
        "fs": "^0.0.2"
      }
    }
  }
}
